
Microsoft Visual Studio Solution File, Format Version 12.00
# Visual Studio Version 17
VisualStudioVersion = 17.13.35931.197
MinimumVisualStudioVersion = 10.0.40219.1
Project("{FAE04EC0-301F-11D3-BF4B-00C04F79EFBC}") = "Bdcf.Extensions", "src\Bdcf.Extensions\Bdcf.Extensions.csproj", "{B99A962D-AF37-40D0-8CB5-623C1908F4AA}"
EndProject
Project("{2150E333-8FDC-42A3-9474-1A3956D46DE8}") = "tests", "tests", "{02EA681E-C7D8-13C7-8484-4AC65E1B71E8}"
EndProject
Project("{FAE04EC0-301F-11D3-BF4B-00C04F79EFBC}") = "Bdcf.Extensions.Tests", "tests\Bdcf.Extensions.Tests\Bdcf.Extensions.Tests.csproj", "{3802C4B4-09D3-45BA-934E-C44FCEFCAA02}"
EndProject
Project("{FAE04EC0-301F-11D3-BF4B-00C04F79EFBC}") = "Bdcf.Extensions.Web", "src\Bdcf.Extensions.Web\Bdcf.Extensions.Web.csproj", "{016A89DF-9637-400A-8A03-8D27AD7865C8}"
EndProject
Project("{FAE04EC0-301F-11D3-BF4B-00C04F79EFBC}") = "Bdcf.Extensions.Web.Tests", "tests\Bdcf.Extensions.Web.Tests\Bdcf.Extensions.Web.Tests.csproj", "{EED6C6B2-BB78-4C57-83F8-58F6C4B7C237}"
EndProject
Project("{2150E333-8FDC-42A3-9474-1A3956D46DE8}") = "Actions", "Actions", "{59B8C1FE-3BAB-4865-A710-E32C3758D411}"
	ProjectSection(SolutionItems) = preProject
		.github\workflows\build.yml = .github\workflows\build.yml
		.github\workflows\publish.yml = .github\workflows\publish.yml
	EndProjectSection
EndProject
Project("{2150E333-8FDC-42A3-9474-1A3956D46DE8}") = "Config", "Config", "{2A64C51E-96C6-49E4-B92B-3FB2F4648487}"
	ProjectSection(SolutionItems) = preProject
		.editorconfig = .editorconfig
		CHANGELOG.md = CHANGELOG.md
		Directory.Build.props = Directory.Build.props
		Directory.Packages.props = Directory.Packages.props
		LICENSE = LICENSE
		NuGet.config = NuGet.config
	EndProjectSection
EndProject
Project("{FAE04EC0-301F-11D3-BF4B-00C04F79EFBC}") = "Bdcf.Extensions.DacPac", "src\Bdcf.Extensions.DacPac\Bdcf.Extensions.DacPac.csproj", "{93E1176A-E528-4219-ACC7-869CB895AEE9}"
EndProject
Project("{FAE04EC0-301F-11D3-BF4B-00C04F79EFBC}") = "Bdcf.Extensions.DacPac.Tests", "tests\Bdcf.Extensions.DacPac.Tests\Bdcf.Extensions.DacPac.Tests.csproj", "{AD76F2B7-2F4C-4F22-911B-9B67D0F4411E}"
EndProject
Project("{FAE04EC0-301F-11D3-BF4B-00C04F79EFBC}") = "Bdcf.Extensions.DacPac.IntegrationTests", "tests\Bdcf.Extensions.DacPac.IntegrationTests\Bdcf.Extensions.DacPac.IntegrationTests.csproj", "{7BCE1BD9-A8C7-4DD5-A292-5BB6DDA75E4F}"
EndProject
Global
	GlobalSection(SolutionConfigurationPlatforms) = preSolution
		Debug|Any CPU = Debug|Any CPU
		Release|Any CPU = Release|Any CPU
	EndGlobalSection
	GlobalSection(ProjectConfigurationPlatforms) = postSolution
		{B99A962D-AF37-40D0-8CB5-623C1908F4AA}.Debug|Any CPU.ActiveCfg = Debug|Any CPU
		{B99A962D-AF37-40D0-8CB5-623C1908F4AA}.Debug|Any CPU.Build.0 = Debug|Any CPU
		{B99A962D-AF37-40D0-8CB5-623C1908F4AA}.Release|Any CPU.ActiveCfg = Release|Any CPU
		{B99A962D-AF37-40D0-8CB5-623C1908F4AA}.Release|Any CPU.Build.0 = Release|Any CPU
		{3802C4B4-09D3-45BA-934E-C44FCEFCAA02}.Debug|Any CPU.ActiveCfg = Debug|Any CPU
		{3802C4B4-09D3-45BA-934E-C44FCEFCAA02}.Debug|Any CPU.Build.0 = Debug|Any CPU
		{3802C4B4-09D3-45BA-934E-C44FCEFCAA02}.Release|Any CPU.ActiveCfg = Release|Any CPU
		{3802C4B4-09D3-45BA-934E-C44FCEFCAA02}.Release|Any CPU.Build.0 = Release|Any CPU
		{016A89DF-9637-400A-8A03-8D27AD7865C8}.Debug|Any CPU.ActiveCfg = Debug|Any CPU
		{016A89DF-9637-400A-8A03-8D27AD7865C8}.Debug|Any CPU.Build.0 = Debug|Any CPU
		{016A89DF-9637-400A-8A03-8D27AD7865C8}.Release|Any CPU.ActiveCfg = Release|Any CPU
		{016A89DF-9637-400A-8A03-8D27AD7865C8}.Release|Any CPU.Build.0 = Release|Any CPU
		{EED6C6B2-BB78-4C57-83F8-58F6C4B7C237}.Debug|Any CPU.ActiveCfg = Debug|Any CPU
		{EED6C6B2-BB78-4C57-83F8-58F6C4B7C237}.Debug|Any CPU.Build.0 = Debug|Any CPU
		{EED6C6B2-BB78-4C57-83F8-58F6C4B7C237}.Release|Any CPU.ActiveCfg = Release|Any CPU
		{EED6C6B2-BB78-4C57-83F8-58F6C4B7C237}.Release|Any CPU.Build.0 = Release|Any CPU
		{93E1176A-E528-4219-ACC7-869CB895AEE9}.Debug|Any CPU.ActiveCfg = Debug|Any CPU
		{93E1176A-E528-4219-ACC7-869CB895AEE9}.Debug|Any CPU.Build.0 = Debug|Any CPU
		{93E1176A-E528-4219-ACC7-869CB895AEE9}.Release|Any CPU.ActiveCfg = Release|Any CPU
		{93E1176A-E528-4219-ACC7-869CB895AEE9}.Release|Any CPU.Build.0 = Release|Any CPU
		{AD76F2B7-2F4C-4F22-911B-9B67D0F4411E}.Debug|Any CPU.ActiveCfg = Debug|Any CPU
		{AD76F2B7-2F4C-4F22-911B-9B67D0F4411E}.Debug|Any CPU.Build.0 = Debug|Any CPU
		{AD76F2B7-2F4C-4F22-911B-9B67D0F4411E}.Release|Any CPU.ActiveCfg = Release|Any CPU
		{AD76F2B7-2F4C-4F22-911B-9B67D0F4411E}.Release|Any CPU.Build.0 = Release|Any CPU
		{7BCE1BD9-A8C7-4DD5-A292-5BB6DDA75E4F}.Debug|Any CPU.ActiveCfg = Debug|Any CPU
		{7BCE1BD9-A8C7-4DD5-A292-5BB6DDA75E4F}.Debug|Any CPU.Build.0 = Debug|Any CPU
		{7BCE1BD9-A8C7-4DD5-A292-5BB6DDA75E4F}.Release|Any CPU.ActiveCfg = Release|Any CPU
		{7BCE1BD9-A8C7-4DD5-A292-5BB6DDA75E4F}.Release|Any CPU.Build.0 = Release|Any CPU
	EndGlobalSection
	GlobalSection(SolutionProperties) = preSolution
		HideSolutionNode = FALSE
	EndGlobalSection
	GlobalSection(NestedProjects) = preSolution
		{3802C4B4-09D3-45BA-934E-C44FCEFCAA02} = {02EA681E-C7D8-13C7-8484-4AC65E1B71E8}
		{EED6C6B2-BB78-4C57-83F8-58F6C4B7C237} = {02EA681E-C7D8-13C7-8484-4AC65E1B71E8}
		{AD76F2B7-2F4C-4F22-911B-9B67D0F4411E} = {02EA681E-C7D8-13C7-8484-4AC65E1B71E8}
		{7BCE1BD9-A8C7-4DD5-A292-5BB6DDA75E4F} = {02EA681E-C7D8-13C7-8484-4AC65E1B71E8}
	EndGlobalSection
	GlobalSection(ExtensibilityGlobals) = postSolution
		SolutionGuid = {FCBDE8D6-68B4-4FF1-A44A-127A594F2520}
	EndGlobalSection
EndGlobal
